<?xml version="1.0" encoding="utf-8"?>
<Project ToolsVersion="4.0" xmlns="http://schemas.microsoft.com/developer/msbuild/2003">
  <ItemGroup>
    <Filter Include="Archivos de origen">
      <UniqueIdentifier>{4FC737F1-C7A5-4376-A066-2A32D752A2FF}</UniqueIdentifier>
      <Extensions>cpp;c;cc;cxx;def;odl;idl;hpj;bat;asm;asmx</Extensions>
    </Filter>
    <Filter Include="Archivos de encabezado">
      <UniqueIdentifier>{93995380-89BD-4b04-88EB-625FBE52EBFB}</UniqueIdentifier>
      <Extensions>h;hh;hpp;hxx;hm;inl;inc;ipp;xsd</Extensions>
    </Filter>
    <Filter Include="Archivos de recursos">
      <UniqueIdentifier>{67DA6AB6-F800-4c08-8B7A-83BB121AAD01}</UniqueIdentifier>
      <Extensions>rc;ico;cur;bmp;dlg;rc2;rct;bin;rgs;gif;jpg;jpeg;jpe;resx;tiff;tif;png;wav;mfcribbon-ms</Extensions>
    </Filter>
  </ItemGroup>
  <ItemGroup>
    <ClInclude Include="DrawLine.h">
      <Filter>Archivos de encabezado</Filter>
    </ClInclude>
    <ClInclude Include="DrawRay.h">
      <Filter>Archivos de encabezado</Filter>
    </ClInclude>
    <ClInclude Include="DrawTriangle.h">
      <Filter>Archivos de encabezado</Filter>
    </ClInclude>
    <ClInclude Include="Triangle.h">
      <Filter>Archivos de encabezado</Filter>
    </ClInclude>
    <ClInclude Include="BasicGeometry.h">
      <Filter>Archivos de encabezado</Filter>
    </ClInclude>
    <ClInclude Include="Draw.h">
      <Filter>Archivos de encabezado</Filter>
    </ClInclude>
    <ClInclude Include="Point.h">
      <Filter>Archivos de encabezado</Filter>
    </ClInclude>
    <ClInclude Include="Vertex.h">
      <Filter>Archivos de encabezado</Filter>
    </ClInclude>
    <ClInclude Include="DrawPoint.h">
      <Filter>Archivos de encabezado</Filter>
    </ClInclude>
    <ClInclude Include="DrawPointCloud.h">
      <Filter>Archivos de encabezado</Filter>
    </ClInclude>
    <ClInclude Include="DrawPolygon.h">
      <Filter>Archivos de encabezado</Filter>
    </ClInclude>
    <ClInclude Include="Vect2d.h">
      <Filter>Archivos de encabezado</Filter>
    </ClInclude>
    <ClInclude Include="Scene.h">
      <Filter>Archivos de encabezado</Filter>
    </ClInclude>
    <ClInclude Include="DrawSegment.h">
      <Filter>Archivos de encabezado</Filter>
    </ClInclude>
    <ClInclude Include="RayLine.h">
      <Filter>Archivos de encabezado</Filter>
    </ClInclude>
    <ClInclude Include="Circle.h">
      <Filter>Archivos de encabezado</Filter>
    </ClInclude>
    <ClInclude Include="Line.h">
      <Filter>Archivos de encabezado</Filter>
    </ClInclude>
    <ClInclude Include="SegmentLine.h">
      <Filter>Archivos de encabezado</Filter>
    </ClInclude>
    <ClInclude Include="RenderSettings.h">
      <Filter>Archivos de encabezado</Filter>
    </ClInclude>
    <ClInclude Include="ShaderProgram.h">
      <Filter>Archivos de encabezado</Filter>
    </ClInclude>
    <ClInclude Include="InclDraw2D.h">
      <Filter>Archivos de encabezado</Filter>
    </ClInclude>
    <ClInclude Include="InclGeom2D.h">
      <Filter>Archivos de encabezado</Filter>
    </ClInclude>
    <ClInclude Include="PointCloud.h">
      <Filter>Archivos de encabezado</Filter>
    </ClInclude>
    <ClInclude Include="PolygonGeo.h">
      <Filter>Archivos de encabezado</Filter>
    </ClInclude>
    <ClInclude Include="Bezier.h">
      <Filter>Archivos de encabezado</Filter>
    </ClInclude>
    <ClInclude Include="DrawBezier.h">
      <Filter>Archivos de encabezado</Filter>
    </ClInclude>
    <ClInclude Include="3d\AABB.h">
      <Filter>Archivos de encabezado</Filter>
    </ClInclude>
    <ClInclude Include="3d\DrawAABB.h">
      <Filter>Archivos de encabezado</Filter>
    </ClInclude>
    <ClInclude Include="3d\DrawCloud3d.h">
      <Filter>Archivos de encabezado</Filter>
    </ClInclude>
    <ClInclude Include="3d\DrawLine3d.h">
      <Filter>Archivos de encabezado</Filter>
    </ClInclude>
    <ClInclude Include="3d\DrawPlane.h">
      <Filter>Archivos de encabezado</Filter>
    </ClInclude>
    <ClInclude Include="3d\DrawRay3d.h">
      <Filter>Archivos de encabezado</Filter>
    </ClInclude>
    <ClInclude Include="3d\DrawSegment3d.h">
      <Filter>Archivos de encabezado</Filter>
    </ClInclude>
    <ClInclude Include="3d\DrawTriangle3d.h">
      <Filter>Archivos de encabezado</Filter>
    </ClInclude>
    <ClInclude Include="3d\DrawTriangleModel.h">
      <Filter>Archivos de encabezado</Filter>
    </ClInclude>
    <ClInclude Include="3d\DrawVect3d.h">
      <Filter>Archivos de encabezado</Filter>
    </ClInclude>
    <ClInclude Include="3d\Edge3d.h">
      <Filter>Archivos de encabezado</Filter>
    </ClInclude>
    <ClInclude Include="3d\InclDraw3D.h">
      <Filter>Archivos de encabezado</Filter>
    </ClInclude>
    <ClInclude Include="3d\InclGeom3D.h">
      <Filter>Archivos de encabezado</Filter>
    </ClInclude>
    <ClInclude Include="3d\Line3d.h">
      <Filter>Archivos de encabezado</Filter>
    </ClInclude>
    <ClInclude Include="3d\Plane.h">
      <Filter>Archivos de encabezado</Filter>
    </ClInclude>
    <ClInclude Include="3d\PointCloud3d.h">
      <Filter>Archivos de encabezado</Filter>
    </ClInclude>
    <ClInclude Include="3d\Ray3d.h">
      <Filter>Archivos de encabezado</Filter>
    </ClInclude>
    <ClInclude Include="3d\Segment3d.h">
      <Filter>Archivos de encabezado</Filter>
    </ClInclude>
    <ClInclude Include="3d\Triangle3d.h">
      <Filter>Archivos de encabezado</Filter>
    </ClInclude>
    <ClInclude Include="3d\TriangleModel.h">
      <Filter>Archivos de encabezado</Filter>
    </ClInclude>
    <ClInclude Include="3d\Vect3d.h">
      <Filter>Archivos de encabezado</Filter>
    </ClInclude>
    <ClInclude Include="Voxel.h">
      <Filter>Archivos de encabezado</Filter>
    </ClInclude>
    <ClInclude Include="VoxelModel.h">
      <Filter>Archivos de encabezado</Filter>
    </ClInclude>
    <ClInclude Include="DrawVoxelModel.h">
      <Filter>Archivos de encabezado</Filter>
    </ClInclude>
    <ClInclude Include="TDelaunay.h">
      <Filter>Archivos de encabezado</Filter>
    </ClInclude>
    <ClInclude Include="ConvexHull3D.h">
      <Filter>Archivos de encabezado</Filter>
    </ClInclude>
    <ClInclude Include="DrawTDelaunay.h">
      <Filter>Archivos de encabezado</Filter>
    </ClInclude>
    <ClInclude Include="DrawConvexHull3D.h">
      <Filter>Archivos de encabezado</Filter>
    </ClInclude>
  </ItemGroup>
  <ItemGroup>
    <ClCompile Include="Triangle.cpp">
      <Filter>Archivos de origen</Filter>
    </ClCompile>
    <ClCompile Include="main.cpp">
      <Filter>Archivos de origen</Filter>
    </ClCompile>
    <ClCompile Include="Scene.cpp">
      <Filter>Archivos de origen</Filter>
    </ClCompile>
    <ClCompile Include="DrawTriangle.cpp">
      <Filter>Archivos de origen</Filter>
    </ClCompile>
    <ClCompile Include="DrawPoint.cpp">
      <Filter>Archivos de origen</Filter>
    </ClCompile>
    <ClCompile Include="Circle.cpp">
      <Filter>Archivos de origen</Filter>
    </ClCompile>
    <ClCompile Include="DrawPointCloud.cpp">
      <Filter>Archivos de origen</Filter>
    </ClCompile>
    <ClCompile Include="DrawRay.cpp">
      <Filter>Archivos de origen</Filter>
    </ClCompile>
    <ClCompile Include="DrawSegment.cpp">
      <Filter>Archivos de origen</Filter>
    </ClCompile>
    <ClCompile Include="DrawLine.cpp">
      <Filter>Archivos de origen</Filter>
    </ClCompile>
    <ClCompile Include="PointCloud.cpp">
      <Filter>Archivos de origen</Filter>
    </ClCompile>
    <ClCompile Include="Vertex.cpp">
      <Filter>Archivos de origen</Filter>
    </ClCompile>
    <ClCompile Include="RayLine.cpp">
      <Filter>Archivos de origen</Filter>
    </ClCompile>
    <ClCompile Include="Line.cpp">
      <Filter>Archivos de origen</Filter>
    </ClCompile>
    <ClCompile Include="SegmentLine.cpp">
      <Filter>Archivos de origen</Filter>
    </ClCompile>
    <ClCompile Include="Vect2d.cpp">
      <Filter>Archivos de origen</Filter>
    </ClCompile>
    <ClCompile Include="Point.cpp">
      <Filter>Archivos de origen</Filter>
    </ClCompile>
    <ClCompile Include="Draw.cpp">
      <Filter>Archivos de origen</Filter>
    </ClCompile>
    <ClCompile Include="RenderSettings.cpp">
      <Filter>Archivos de origen</Filter>
    </ClCompile>
    <ClCompile Include="DrawPolygon.cpp">
      <Filter>Archivos de origen</Filter>
    </ClCompile>
    <ClCompile Include="ShaderProgram.cpp">
      <Filter>Archivos de origen</Filter>
    </ClCompile>
    <ClCompile Include="PolygonGeo.cpp">
      <Filter>Archivos de origen</Filter>
    </ClCompile>
    <ClCompile Include="Bezier.cpp">
      <Filter>Archivos de origen</Filter>
    </ClCompile>
    <ClCompile Include="DrawBezier.cpp">
      <Filter>Archivos de origen</Filter>
    </ClCompile>
    <ClCompile Include="3d\AABB.cpp">
      <Filter>Archivos de origen</Filter>
    </ClCompile>
    <ClCompile Include="3d\DrawAABB.cpp">
      <Filter>Archivos de origen</Filter>
    </ClCompile>
    <ClCompile Include="3d\DrawCloud3d.cpp">
      <Filter>Archivos de origen</Filter>
    </ClCompile>
    <ClCompile Include="3d\DrawLine3d.cpp">
      <Filter>Archivos de origen</Filter>
    </ClCompile>
    <ClCompile Include="3d\DrawPlane.cpp">
      <Filter>Archivos de origen</Filter>
    </ClCompile>
    <ClCompile Include="3d\DrawRay3d.cpp">
      <Filter>Archivos de origen</Filter>
    </ClCompile>
    <ClCompile Include="3d\DrawSegment3d.cpp">
      <Filter>Archivos de origen</Filter>
    </ClCompile>
    <ClCompile Include="3d\DrawTriangle3d.cpp">
      <Filter>Archivos de origen</Filter>
    </ClCompile>
    <ClCompile Include="3d\DrawTriangleModel.cpp">
      <Filter>Archivos de origen</Filter>
    </ClCompile>
    <ClCompile Include="3d\DrawVect3d.cpp">
      <Filter>Archivos de origen</Filter>
    </ClCompile>
    <ClCompile Include="3d\Edge3d.cpp">
      <Filter>Archivos de origen</Filter>
    </ClCompile>
    <ClCompile Include="3d\Line3d.cpp">
      <Filter>Archivos de origen</Filter>
    </ClCompile>
    <ClCompile Include="3d\Plane.cpp">
      <Filter>Archivos de origen</Filter>
    </ClCompile>
    <ClCompile Include="3d\PointCloud3d.cpp">
      <Filter>Archivos de origen</Filter>
    </ClCompile>
    <ClCompile Include="3d\Ray3d.cpp">
      <Filter>Archivos de origen</Filter>
    </ClCompile>
    <ClCompile Include="3d\Segment3d.cpp">
      <Filter>Archivos de origen</Filter>
    </ClCompile>
    <ClCompile Include="3d\Triangle3d.cpp">
      <Filter>Archivos de origen</Filter>
    </ClCompile>
    <ClCompile Include="3d\TriangleModel.cpp">
      <Filter>Archivos de origen</Filter>
    </ClCompile>
    <ClCompile Include="3d\Vect3d.cpp">
      <Filter>Archivos de origen</Filter>
    </ClCompile>
    <ClCompile Include="Voxel.cpp">
      <Filter>Archivos de origen</Filter>
    </ClCompile>
    <ClCompile Include="VoxelModel.cpp">
      <Filter>Archivos de origen</Filter>
    </ClCompile>
    <ClCompile Include="DrawVoxelModel.cpp">
      <Filter>Archivos de origen</Filter>
    </ClCompile>
    <ClCompile Include="TDelaunay.cpp">
      <Filter>Archivos de origen</Filter>
    </ClCompile>
    <ClCompile Include="ConvexHull3D.cpp">
      <Filter>Archivos de origen</Filter>
    </ClCompile>
    <ClCompile Include="DrawTDelaunay.cpp">
      <Filter>Archivos de origen</Filter>
    </ClCompile>
    <ClCompile Include="DrawConvexHull3D.cpp">
      <Filter>Archivos de origen</Filter>
    </ClCompile>
  </ItemGroup>
  <ItemGroup>
    <None Include="algeom-fs.glsl">
      <Filter>Archivos de recursos</Filter>
    </None>
    <None Include="algeom-vs.glsl">
      <Filter>Archivos de recursos</Filter>
    </None>
    <None Include="custom-fs.glsl">
      <Filter>Archivos de recursos</Filter>
    </None>
    <None Include="custom-vs.glsl">
      <Filter>Archivos de recursos</Filter>
    </None>
  </ItemGroup>
</Project>