
Microsoft Visual Studio Solution File, Format Version 12.00
# Visual Studio Version 16
Project("{8BC9CEB8-8B4A-11D0-8D11-00A0C91BC942}") = "ALL_BUILD", "ALL_BUILD.vcxproj", "{5CA4CBCC-BC8A-391F-B3DB-A55209745B3C}"
	ProjectSection(ProjectDependencies) = postProject
		{326EB1CA-0B8D-3B83-AAA7-6D88C3FEC96A} = {326EB1CA-0B8D-3B83-AAA7-6D88C3FEC96A}
		{35A4B0F0-57A1-3294-A88C-1BEA879B830C} = {35A4B0F0-57A1-3294-A88C-1BEA879B830C}
		{2C19E861-A6D3-3CE8-BE8E-4B46C9234A32} = {2C19E861-A6D3-3CE8-BE8E-4B46C9234A32}
		{40363BAF-DFDA-3A3C-B16E-7A5C14EBA48E} = {40363BAF-DFDA-3A3C-B16E-7A5C14EBA48E}
		{BAE770C6-29A4-368C-BA28-AD11A249BD58} = {BAE770C6-29A4-368C-BA28-AD11A249BD58}
	EndProjectSection
EndProject
Project("{8BC9CEB8-8B4A-11D0-8D11-00A0C91BC942}") = "INSTALL", "INSTALL.vcxproj", "{0683A4C8-8BE2-3B31-B161-080D62C028FF}"
	ProjectSection(ProjectDependencies) = postProject
		{5CA4CBCC-BC8A-391F-B3DB-A55209745B3C} = {5CA4CBCC-BC8A-391F-B3DB-A55209745B3C}
		{326EB1CA-0B8D-3B83-AAA7-6D88C3FEC96A} = {326EB1CA-0B8D-3B83-AAA7-6D88C3FEC96A}
	EndProjectSection
EndProject
Project("{8BC9CEB8-8B4A-11D0-8D11-00A0C91BC942}") = "UpdateAssimpLibsDebugSymbolsAndDLLs", "UpdateAssimpLibsDebugSymbolsAndDLLs.vcxproj", "{C4834F9B-EC3C-3F10-ADEE-91B742B8519C}"
	ProjectSection(ProjectDependencies) = postProject
		{326EB1CA-0B8D-3B83-AAA7-6D88C3FEC96A} = {326EB1CA-0B8D-3B83-AAA7-6D88C3FEC96A}
	EndProjectSection
EndProject
Project("{8BC9CEB8-8B4A-11D0-8D11-00A0C91BC942}") = "ZERO_CHECK", "ZERO_CHECK.vcxproj", "{326EB1CA-0B8D-3B83-AAA7-6D88C3FEC96A}"
	ProjectSection(ProjectDependencies) = postProject
	EndProjectSection
EndProject
Project("{8BC9CEB8-8B4A-11D0-8D11-00A0C91BC942}") = "assimp", "code\assimp.vcxproj", "{35A4B0F0-57A1-3294-A88C-1BEA879B830C}"
	ProjectSection(ProjectDependencies) = postProject
		{326EB1CA-0B8D-3B83-AAA7-6D88C3FEC96A} = {326EB1CA-0B8D-3B83-AAA7-6D88C3FEC96A}
		{BAE770C6-29A4-368C-BA28-AD11A249BD58} = {BAE770C6-29A4-368C-BA28-AD11A249BD58}
	EndProjectSection
EndProject
Project("{8BC9CEB8-8B4A-11D0-8D11-00A0C91BC942}") = "assimp_cmd", "tools\assimp_cmd\assimp_cmd.vcxproj", "{2C19E861-A6D3-3CE8-BE8E-4B46C9234A32}"
	ProjectSection(ProjectDependencies) = postProject
		{326EB1CA-0B8D-3B83-AAA7-6D88C3FEC96A} = {326EB1CA-0B8D-3B83-AAA7-6D88C3FEC96A}
		{35A4B0F0-57A1-3294-A88C-1BEA879B830C} = {35A4B0F0-57A1-3294-A88C-1BEA879B830C}
		{BAE770C6-29A4-368C-BA28-AD11A249BD58} = {BAE770C6-29A4-368C-BA28-AD11A249BD58}
	EndProjectSection
EndProject
Project("{8BC9CEB8-8B4A-11D0-8D11-00A0C91BC942}") = "uninstall", "uninstall.vcxproj", "{0A3E07FF-6A2C-37B5-8719-9C7E8D7192B8}"
	ProjectSection(ProjectDependencies) = postProject
		{326EB1CA-0B8D-3B83-AAA7-6D88C3FEC96A} = {326EB1CA-0B8D-3B83-AAA7-6D88C3FEC96A}
	EndProjectSection
EndProject
Project("{8BC9CEB8-8B4A-11D0-8D11-00A0C91BC942}") = "unit", "test\unit.vcxproj", "{40363BAF-DFDA-3A3C-B16E-7A5C14EBA48E}"
	ProjectSection(ProjectDependencies) = postProject
		{326EB1CA-0B8D-3B83-AAA7-6D88C3FEC96A} = {326EB1CA-0B8D-3B83-AAA7-6D88C3FEC96A}
		{35A4B0F0-57A1-3294-A88C-1BEA879B830C} = {35A4B0F0-57A1-3294-A88C-1BEA879B830C}
		{BAE770C6-29A4-368C-BA28-AD11A249BD58} = {BAE770C6-29A4-368C-BA28-AD11A249BD58}
	EndProjectSection
EndProject
Project("{8BC9CEB8-8B4A-11D0-8D11-00A0C91BC942}") = "zlibstatic", "contrib\zlib\zlibstatic.vcxproj", "{BAE770C6-29A4-368C-BA28-AD11A249BD58}"
	ProjectSection(ProjectDependencies) = postProject
		{326EB1CA-0B8D-3B83-AAA7-6D88C3FEC96A} = {326EB1CA-0B8D-3B83-AAA7-6D88C3FEC96A}
	EndProjectSection
EndProject
Global
	GlobalSection(SolutionConfigurationPlatforms) = preSolution
		Debug|x64 = Debug|x64
		Release|x64 = Release|x64
		MinSizeRel|x64 = MinSizeRel|x64
		RelWithDebInfo|x64 = RelWithDebInfo|x64
	EndGlobalSection
	GlobalSection(ProjectConfigurationPlatforms) = postSolution
		{5CA4CBCC-BC8A-391F-B3DB-A55209745B3C}.Debug|x64.ActiveCfg = Debug|x64
		{5CA4CBCC-BC8A-391F-B3DB-A55209745B3C}.Debug|x64.Build.0 = Debug|x64
		{5CA4CBCC-BC8A-391F-B3DB-A55209745B3C}.Release|x64.ActiveCfg = Release|x64
		{5CA4CBCC-BC8A-391F-B3DB-A55209745B3C}.Release|x64.Build.0 = Release|x64
		{5CA4CBCC-BC8A-391F-B3DB-A55209745B3C}.MinSizeRel|x64.ActiveCfg = MinSizeRel|x64
		{5CA4CBCC-BC8A-391F-B3DB-A55209745B3C}.MinSizeRel|x64.Build.0 = MinSizeRel|x64
		{5CA4CBCC-BC8A-391F-B3DB-A55209745B3C}.RelWithDebInfo|x64.ActiveCfg = RelWithDebInfo|x64
		{5CA4CBCC-BC8A-391F-B3DB-A55209745B3C}.RelWithDebInfo|x64.Build.0 = RelWithDebInfo|x64
		{0683A4C8-8BE2-3B31-B161-080D62C028FF}.Debug|x64.ActiveCfg = Debug|x64
		{0683A4C8-8BE2-3B31-B161-080D62C028FF}.Release|x64.ActiveCfg = Release|x64
		{0683A4C8-8BE2-3B31-B161-080D62C028FF}.MinSizeRel|x64.ActiveCfg = MinSizeRel|x64
		{0683A4C8-8BE2-3B31-B161-080D62C028FF}.RelWithDebInfo|x64.ActiveCfg = RelWithDebInfo|x64
		{C4834F9B-EC3C-3F10-ADEE-91B742B8519C}.Debug|x64.ActiveCfg = Debug|x64
		{C4834F9B-EC3C-3F10-ADEE-91B742B8519C}.Release|x64.ActiveCfg = Release|x64
		{C4834F9B-EC3C-3F10-ADEE-91B742B8519C}.MinSizeRel|x64.ActiveCfg = MinSizeRel|x64
		{C4834F9B-EC3C-3F10-ADEE-91B742B8519C}.RelWithDebInfo|x64.ActiveCfg = RelWithDebInfo|x64
		{326EB1CA-0B8D-3B83-AAA7-6D88C3FEC96A}.Debug|x64.ActiveCfg = Debug|x64
		{326EB1CA-0B8D-3B83-AAA7-6D88C3FEC96A}.Debug|x64.Build.0 = Debug|x64
		{326EB1CA-0B8D-3B83-AAA7-6D88C3FEC96A}.Release|x64.ActiveCfg = Release|x64
		{326EB1CA-0B8D-3B83-AAA7-6D88C3FEC96A}.Release|x64.Build.0 = Release|x64
		{326EB1CA-0B8D-3B83-AAA7-6D88C3FEC96A}.MinSizeRel|x64.ActiveCfg = MinSizeRel|x64
		{326EB1CA-0B8D-3B83-AAA7-6D88C3FEC96A}.MinSizeRel|x64.Build.0 = MinSizeRel|x64
		{326EB1CA-0B8D-3B83-AAA7-6D88C3FEC96A}.RelWithDebInfo|x64.ActiveCfg = RelWithDebInfo|x64
		{326EB1CA-0B8D-3B83-AAA7-6D88C3FEC96A}.RelWithDebInfo|x64.Build.0 = RelWithDebInfo|x64
		{35A4B0F0-57A1-3294-A88C-1BEA879B830C}.Debug|x64.ActiveCfg = Debug|x64
		{35A4B0F0-57A1-3294-A88C-1BEA879B830C}.Debug|x64.Build.0 = Debug|x64
		{35A4B0F0-57A1-3294-A88C-1BEA879B830C}.Release|x64.ActiveCfg = Release|x64
		{35A4B0F0-57A1-3294-A88C-1BEA879B830C}.Release|x64.Build.0 = Release|x64
		{35A4B0F0-57A1-3294-A88C-1BEA879B830C}.MinSizeRel|x64.ActiveCfg = MinSizeRel|x64
		{35A4B0F0-57A1-3294-A88C-1BEA879B830C}.MinSizeRel|x64.Build.0 = MinSizeRel|x64
		{35A4B0F0-57A1-3294-A88C-1BEA879B830C}.RelWithDebInfo|x64.ActiveCfg = RelWithDebInfo|x64
		{35A4B0F0-57A1-3294-A88C-1BEA879B830C}.RelWithDebInfo|x64.Build.0 = RelWithDebInfo|x64
		{2C19E861-A6D3-3CE8-BE8E-4B46C9234A32}.Debug|x64.ActiveCfg = Debug|x64
		{2C19E861-A6D3-3CE8-BE8E-4B46C9234A32}.Debug|x64.Build.0 = Debug|x64
		{2C19E861-A6D3-3CE8-BE8E-4B46C9234A32}.Release|x64.ActiveCfg = Release|x64
		{2C19E861-A6D3-3CE8-BE8E-4B46C9234A32}.Release|x64.Build.0 = Release|x64
		{2C19E861-A6D3-3CE8-BE8E-4B46C9234A32}.MinSizeRel|x64.ActiveCfg = MinSizeRel|x64
		{2C19E861-A6D3-3CE8-BE8E-4B46C9234A32}.MinSizeRel|x64.Build.0 = MinSizeRel|x64
		{2C19E861-A6D3-3CE8-BE8E-4B46C9234A32}.RelWithDebInfo|x64.ActiveCfg = RelWithDebInfo|x64
		{2C19E861-A6D3-3CE8-BE8E-4B46C9234A32}.RelWithDebInfo|x64.Build.0 = RelWithDebInfo|x64
		{0A3E07FF-6A2C-37B5-8719-9C7E8D7192B8}.Debug|x64.ActiveCfg = Debug|x64
		{0A3E07FF-6A2C-37B5-8719-9C7E8D7192B8}.Release|x64.ActiveCfg = Release|x64
		{0A3E07FF-6A2C-37B5-8719-9C7E8D7192B8}.MinSizeRel|x64.ActiveCfg = MinSizeRel|x64
		{0A3E07FF-6A2C-37B5-8719-9C7E8D7192B8}.RelWithDebInfo|x64.ActiveCfg = RelWithDebInfo|x64
		{40363BAF-DFDA-3A3C-B16E-7A5C14EBA48E}.Debug|x64.ActiveCfg = Debug|x64
		{40363BAF-DFDA-3A3C-B16E-7A5C14EBA48E}.Debug|x64.Build.0 = Debug|x64
		{40363BAF-DFDA-3A3C-B16E-7A5C14EBA48E}.Release|x64.ActiveCfg = Release|x64
		{40363BAF-DFDA-3A3C-B16E-7A5C14EBA48E}.Release|x64.Build.0 = Release|x64
		{40363BAF-DFDA-3A3C-B16E-7A5C14EBA48E}.MinSizeRel|x64.ActiveCfg = MinSizeRel|x64
		{40363BAF-DFDA-3A3C-B16E-7A5C14EBA48E}.MinSizeRel|x64.Build.0 = MinSizeRel|x64
		{40363BAF-DFDA-3A3C-B16E-7A5C14EBA48E}.RelWithDebInfo|x64.ActiveCfg = RelWithDebInfo|x64
		{40363BAF-DFDA-3A3C-B16E-7A5C14EBA48E}.RelWithDebInfo|x64.Build.0 = RelWithDebInfo|x64
		{BAE770C6-29A4-368C-BA28-AD11A249BD58}.Debug|x64.ActiveCfg = Debug|x64
		{BAE770C6-29A4-368C-BA28-AD11A249BD58}.Debug|x64.Build.0 = Debug|x64
		{BAE770C6-29A4-368C-BA28-AD11A249BD58}.Release|x64.ActiveCfg = Release|x64
		{BAE770C6-29A4-368C-BA28-AD11A249BD58}.Release|x64.Build.0 = Release|x64
		{BAE770C6-29A4-368C-BA28-AD11A249BD58}.MinSizeRel|x64.ActiveCfg = MinSizeRel|x64
		{BAE770C6-29A4-368C-BA28-AD11A249BD58}.MinSizeRel|x64.Build.0 = MinSizeRel|x64
		{BAE770C6-29A4-368C-BA28-AD11A249BD58}.RelWithDebInfo|x64.ActiveCfg = RelWithDebInfo|x64
		{BAE770C6-29A4-368C-BA28-AD11A249BD58}.RelWithDebInfo|x64.Build.0 = RelWithDebInfo|x64
	EndGlobalSection
	GlobalSection(ExtensibilityGlobals) = postSolution
		SolutionGuid = {6084CD6E-5E84-3359-B046-4C981315611E}
	EndGlobalSection
	GlobalSection(ExtensibilityAddIns) = postSolution
	EndGlobalSection
EndGlobal
